Microsoft Visual Studio Solution File, Format Version 12.00
# Visual Studio 2012
Project("{FAE04EC0-301F-11D3-BF4B-00C04F79EFBC}") = "TerraBrush", "TerraBrush.csproj", "{B211EB23-AB7D-4BC3-B969-581C805504B1}"
EndProject
Global
	GlobalSection(SolutionConfigurationPlatforms) = preSolution
	Debug|Any CPU = Debug|Any CPU
	ExportDebug|Any CPU = ExportDebug|Any CPU
	ExportRelease|Any CPU = ExportRelease|Any CPU
	EndGlobalSection
	GlobalSection(ProjectConfigurationPlatforms) = postSolution
		{B211EB23-AB7D-4BC3-B969-581C805504B1}.Debug|Any CPU.ActiveCfg = Debug|Any CPU
		{B211EB23-AB7D-4BC3-B969-581C805504B1}.Debug|Any CPU.Build.0 = Debug|Any CPU
		{B211EB23-AB7D-4BC3-B969-581C805504B1}.ExportDebug|Any CPU.ActiveCfg = ExportDebug|Any CPU
		{B211EB23-AB7D-4BC3-B969-581C805504B1}.ExportDebug|Any CPU.Build.0 = ExportDebug|Any CPU
		{B211EB23-AB7D-4BC3-B969-581C805504B1}.ExportRelease|Any CPU.ActiveCfg = ExportRelease|Any CPU
		{B211EB23-AB7D-4BC3-B969-581C805504B1}.ExportRelease|Any CPU.Build.0 = ExportRelease|Any CPU
	EndGlobalSection
EndGlobal
